// !$*UTF8*$!
{
	archiveVersion = 1;
	classes = {
	};
	objectVersion = 55;
	objects = {

/* Begin PBXBuildFile section */
		0A633E1528E1E532002AC1E3 /* Contents.swift in Sources */ = {isa = PBXBuildFile; fileRef = 0A633E1428E1E532002AC1E3 /* Contents.swift */; };
		0AC9503D28DB5C18005B5774 /* JointGoal_SwiftUIApp.swift in Sources */ = {isa = PBXBuildFile; fileRef = 0AC9503C28DB5C18005B5774 /* JointGoal_SwiftUIApp.swift */; };
		0AC9503F28DB5C18005B5774 /* HomeVIew.swift in Sources */ = {isa = PBXBuildFile; fileRef = 0AC9503E28DB5C18005B5774 /* HomeVIew.swift */; };
		0AC9504128DB5C1B005B5774 /* Assets.xcassets in Resources */ = {isa = PBXBuildFile; fileRef = 0AC9504028DB5C1B005B5774 /* Assets.xcassets */; };
		0AC9504428DB5C1B005B5774 /* Preview Assets.xcassets in Resources */ = {isa = PBXBuildFile; fileRef = 0AC9504328DB5C1B005B5774 /* Preview Assets.xcassets */; };
		0AC9504B28DB64B8005B5774 /* ContentView.swift in Sources */ = {isa = PBXBuildFile; fileRef = 0AC9504A28DB64B8005B5774 /* ContentView.swift */; };
		0AEC496628E3405000917C53 /* Tab.swift in Sources */ = {isa = PBXBuildFile; fileRef = 0AEC496528E3405000917C53 /* Tab.swift */; };
		0AEC496828E491FC00917C53 /* CustomCarousel.swift in Sources */ = {isa = PBXBuildFile; fileRef = 0AEC496728E491FC00917C53 /* CustomCarousel.swift */; };
/* End PBXBuildFile section */

/* Begin PBXFileReference section */
		0A633E1428E1E532002AC1E3 /* Contents.swift */ = {isa = PBXFileReference; lastKnownFileType = sourcecode.swift; path = Contents.swift; sourceTree = "<group>"; };
		0AC9503928DB5C18005B5774 /* JointGoal_SwiftUI.app */ = {isa = PBXFileReference; explicitFileType = wrapper.application; includeInIndex = 0; path = JointGoal_SwiftUI.app; sourceTree = BUILT_PRODUCTS_DIR; };
		0AC9503C28DB5C18005B5774 /* JointGoal_SwiftUIApp.swift */ = {isa = PBXFileReference; lastKnownFileType = sourcecode.swift; path = JointGoal_SwiftUIApp.swift; sourceTree = "<group>"; };
		0AC9503E28DB5C18005B5774 /* HomeVIew.swift */ = {isa = PBXFileReference; lastKnownFileType = sourcecode.swift; path = HomeVIew.swift; sourceTree = "<group>"; };
		0AC9504028DB5C1B005B5774 /* Assets.xcassets */ = {isa = PBXFileReference; lastKnownFileType = folder.assetcatalog; path = Assets.xcassets; sourceTree = "<group>"; };
		0AC9504328DB5C1B005B5774 /* Preview Assets.xcassets */ = {isa = PBXFileReference; lastKnownFileType = folder.assetcatalog; path = "Preview Assets.xcassets"; sourceTree = "<group>"; };
		0AC9504A28DB64B8005B5774 /* ContentView.swift */ = {isa = PBXFileReference; lastKnownFileType = sourcecode.swift; path = ContentView.swift; sourceTree = "<group>"; };
		0AEC496528E3405000917C53 /* Tab.swift */ = {isa = PBXFileReference; lastKnownFileType = sourcecode.swift; path = Tab.swift; sourceTree = "<group>"; };
		0AEC496728E491FC00917C53 /* CustomCarousel.swift */ = {isa = PBXFileReference; lastKnownFileType = sourcecode.swift; path = CustomCarousel.swift; sourceTree = "<group>"; };
/* End PBXFileReference section */

/* Begin PBXFrameworksBuildPhase section */
		0AC9503628DB5C18005B5774 /* Frameworks */ = {
			isa = PBXFrameworksBuildPhase;
			buildActionMask = 2147483647;
			files = (
			);
			runOnlyForDeploymentPostprocessing = 0;
		};
/* End PBXFrameworksBuildPhase section */

/* Begin PBXGroup section */
		0A633E1128E1E443002AC1E3 /* Model */ = {
			isa = PBXGroup;
			children = (
				0A633E1428E1E532002AC1E3 /* Contents.swift */,
				0AEC496528E3405000917C53 /* Tab.swift */,
			);
			path = Model;
			sourceTree = "<group>";
		};
		0A633E1328E1E48D002AC1E3 /* View */ = {
			isa = PBXGroup;
			children = (
				0AC9503E28DB5C18005B5774 /* HomeVIew.swift */,
				0AEC496728E491FC00917C53 /* CustomCarousel.swift */,
			);
			path = View;
			sourceTree = "<group>";
		};
		0AC9503028DB5C18005B5774 = {
			isa = PBXGroup;
			children = (
				0AC9503B28DB5C18005B5774 /* JointGoal_SwiftUI */,
				0AC9503A28DB5C18005B5774 /* Products */,
			);
			sourceTree = "<group>";
		};
		0AC9503A28DB5C18005B5774 /* Products */ = {
			isa = PBXGroup;
			children = (
				0AC9503928DB5C18005B5774 /* JointGoal_SwiftUI.app */,
			);
			name = Products;
			sourceTree = "<group>";
		};
		0AC9503B28DB5C18005B5774 /* JointGoal_SwiftUI */ = {
			isa = PBXGroup;
			children = (
				0A633E1328E1E48D002AC1E3 /* View */,
				0A633E1128E1E443002AC1E3 /* Model */,
				0AC9503C28DB5C18005B5774 /* JointGoal_SwiftUIApp.swift */,
				0AC9504A28DB64B8005B5774 /* ContentView.swift */,
				0AC9504028DB5C1B005B5774 /* Assets.xcassets */,
				0AC9504228DB5C1B005B5774 /* Preview Content */,
			);
			path = JointGoal_SwiftUI;
			sourceTree = "<group>";
		};
		0AC9504228DB5C1B005B5774 /* Preview Content */ = {
			isa = PBXGroup;
			children = (
				0AC9504328DB5C1B005B5774 /* Preview Assets.xcassets */,
			);
			path = "Preview Content";
			sourceTree = "<group>";
		};
/* End PBXGroup section */

/* Begin PBXNativeTarget section */
		0AC9503828DB5C18005B5774 /* JointGoal_SwiftUI */ = {
			isa = PBXNativeTarget;
			buildConfigurationList = 0AC9504728DB5C1B005B5774 /* Build configuration list for PBXNativeTarget "JointGoal_SwiftUI" */;
			buildPhases = (
				0AC9503528DB5C18005B5774 /* Sources */,
				0AC9503628DB5C18005B5774 /* Frameworks */,
				0AC9503728DB5C18005B5774 /* Resources */,
			);
			buildRules = (
			);
			dependencies = (
			);
			name = JointGoal_SwiftUI;
			productName = JointGoal_SwiftUI;
			productReference = 0AC9503928DB5C18005B5774 /* JointGoal_SwiftUI.app */;
			productType = "com.apple.product-type.application";
		};
/* End PBXNativeTarget section */

/* Begin PBXProject section */
		0AC9503128DB5C18005B5774 /* Project object */ = {
			isa = PBXProject;
			attributes = {
				BuildIndependentTargetsInParallel = 1;
				LastSwiftUpdateCheck = 1330;
				LastUpgradeCheck = 1330;
				TargetAttributes = {
					0AC9503828DB5C18005B5774 = {
						CreatedOnToolsVersion = 13.3.1;
					};
				};
			};
			buildConfigurationList = 0AC9503428DB5C18005B5774 /* Build configuration list for PBXProject "JointGoal_SwiftUI" */;
			compatibilityVersion = "Xcode 13.0";
			developmentRegion = en;
			hasScannedForEncodings = 0;
			knownRegions = (
				en,
				Base,
			);
			mainGroup = 0AC9503028DB5C18005B5774;
			productRefGroup = 0AC9503A28DB5C18005B5774 /* Products */;
			projectDirPath = "";
			projectRoot = "";
			targets = (
				0AC9503828DB5C18005B5774 /* JointGoal_SwiftUI */,
			);
		};
/* End PBXProject section */

/* Begin PBXResourcesBuildPhase section */
		0AC9503728DB5C18005B5774 /* Resources */ = {
			isa = PBXResourcesBuildPhase;
			buildActionMask = 2147483647;
			files = (
				0AC9504428DB5C1B005B5774 /* Preview Assets.xcassets in Resources */,
				0AC9504128DB5C1B005B5774 /* Assets.xcassets in Resources */,
			);
			runOnlyForDeploymentPostprocessing = 0;
		};
/* End PBXResourcesBuildPhase section */

/* Begin PBXSourcesBuildPhase section */
		0AC9503528DB5C18005B5774 /* Sources */ = {
			isa = PBXSourcesBuildPhase;
			buildActionMask = 2147483647;
			files = (
				0AC9503F28DB5C18005B5774 /* HomeVIew.swift in Sources */,
				0AC9503D28DB5C18005B5774 /* JointGoal_SwiftUIApp.swift in Sources */,
				0AEC496828E491FC00917C53 /* CustomCarousel.swift in Sources */,
				0AEC496628E3405000917C53 /* Tab.swift in Sources */,
				0AC9504B28DB64B8005B5774 /* ContentView.swift in Sources */,
				0A633E1528E1E532002AC1E3 /* Contents.swift in Sources */,
			);
			runOnlyForDeploymentPostprocessing = 0;
		};
/* End PBXSourcesBuildPhase section */

/* Begin XCBuildConfiguration section */
		0AC9504528DB5C1B005B5774 /* Debug */ = {
			isa = XCBuildConfiguration;
			buildSettings = {
				ALWAYS_SEARCH_USER_PATHS = NO;
				CLANG_ANALYZER_NONNULL = YES;
				CLANG_ANALYZER_NUMBER_OBJECT_CONVERSION = YES_AGGRESSIVE;
				CLANG_CXX_LANGUAGE_STANDARD = "gnu++17";
				CLANG_ENABLE_MODULES = YES;
				CLANG_ENABLE_OBJC_ARC = YES;
				CLANG_ENABLE_OBJC_WEAK = YES;
				CLANG_WARN_BLOCK_CAPTURE_AUTORELEASING = YES;
				CLANG_WARN_BOOL_CONVERSION = YES;
				CLANG_WARN_COMMA = YES;
				CLANG_WARN_CONSTANT_CONVERSION = YES;
				CLANG_WARN_DEPRECATED_OBJC_IMPLEMENTATIONS = YES;
				CLANG_WARN_DIRECT_OBJC_ISA_USAGE = YES_ERROR;
				CLANG_WARN_DOCUMENTATION_COMMENTS = YES;
				CLANG_WARN_EMPTY_BODY = YES;
				CLANG_WARN_ENUM_CONVERSION = YES;
				CLANG_WARN_INFINITE_RECURSION = YES;
				CLANG_WARN_INT_CONVERSION = YES;
				CLANG_WARN_NON_LITERAL_NULL_CONVERSION = YES;
				CLANG_WARN_OBJC_IMPLICIT_RETAIN_SELF = YES;
				CLANG_WARN_OBJC_LITERAL_CONVERSION = YES;
				CLANG_WARN_OBJC_ROOT_CLASS = YES_ERROR;
				CLANG_WARN_QUOTED_INCLUDE_IN_FRAMEWORK_HEADER = YES;
				CLANG_WARN_RANGE_LOOP_ANALYSIS = YES;
				CLANG_WARN_STRICT_PROTOTYPES = YES;
				CLANG_WARN_SUSPICIOUS_MOVE = YES;
				CLANG_WARN_UNGUARDED_AVAILABILITY = YES_AGGRESSIVE;
				CLANG_WARN_UNREACHABLE_CODE = YES;
				CLANG_WARN__DUPLICATE_METHOD_MATCH = YES;
				COPY_PHASE_STRIP = NO;
				DEBUG_INFORMATION_FORMAT = dwarf;
				ENABLE_STRICT_OBJC_MSGSEND = YES;
				ENABLE_TESTABILITY = YES;
				GCC_C_LANGUAGE_STANDARD = gnu11;
				GCC_DYNAMIC_NO_PIC = NO;
				GCC_NO_COMMON_BLOCKS = YES;
				GCC_OPTIMIZATION_LEVEL = 0;
				GCC_PREPROCESSOR_DEFINITIONS = (
					"DEBUG=1",
					"$(inherited)",
				);
				GCC_WARN_64_TO_32_BIT_CONVERSION = YES;
				GCC_WARN_ABOUT_RETURN_TYPE = YES_ERROR;
				GCC_WARN_UNDECLARED_SELECTOR = YES;
				GCC_WARN_UNINITIALIZED_AUTOS = YES_AGGRESSIVE;
				GCC_WARN_UNUSED_FUNCTION = YES;
				GCC_WARN_UNUSED_VARIABLE = YES;
				IPHONEOS_DEPLOYMENT_TARGET = 15.4;
				MTL_ENABLE_DEBUG_INFO = INCLUDE_SOURCE;
				MTL_FAST_MATH = YES;
				ONLY_ACTIVE_ARCH = YES;
				SDKROOT = iphoneos;
				SWIFT_ACTIVE_COMPILATION_CONDITIONS = DEBUG;
				SWIFT_OPTIMIZATION_LEVEL = "-Onone";
			};
			name = Debug;
		};
		0AC9504628DB5C1B005B5774 /* Release */ = {
			isa = XCBuildConfiguration;
			buildSettings = {
				ALWAYS_SEARCH_USER_PATHS = NO;
				CLANG_ANALYZER_NONNULL = YES;
				CLANG_ANALYZER_NUMBER_OBJECT_CONVERSION = YES_AGGRESSIVE;
				CLANG_CXX_LANGUAGE_STANDARD = "gnu++17";
				CLANG_ENABLE_MODULES = YES;
				CLANG_ENABLE_OBJC_ARC = YES;
				CLANG_ENABLE_OBJC_WEAK = YES;
				CLANG_WARN_BLOCK_CAPTURE_AUTORELEASING = YES;
				CLANG_WARN_BOOL_CONVERSION = YES;
				CLANG_WARN_COMMA = YES;
				CLANG_WARN_CONSTANT_CONVERSION = YES;
				CLANG_WARN_DEPRECATED_OBJC_IMPLEMENTATIONS = YES;
				CLANG_WARN_DIRECT_OBJC_ISA_USAGE = YES_ERROR;
				CLANG_WARN_DOCUMENTATION_COMMENTS = YES;
				CLANG_WARN_EMPTY_BODY = YES;
				CLANG_WARN_ENUM_CONVERSION = YES;
				CLANG_WARN_INFINITE_RECURSION = YES;
				CLANG_WARN_INT_CONVERSION = YES;
				CLANG_WARN_NON_LITERAL_NULL_CONVERSION = YES;
				CLANG_WARN_OBJC_IMPLICIT_RETAIN_SELF = YES;
				CLANG_WARN_OBJC_LITERAL_CONVERSION = YES;
				CLANG_WARN_OBJC_ROOT_CLASS = YES_ERROR;
				CLANG_WARN_QUOTED_INCLUDE_IN_FRAMEWORK_HEADER = YES;
				CLANG_WARN_RANGE_LOOP_ANALYSIS = YES;
				CLANG_WARN_STRICT_PROTOTYPES = YES;
				CLANG_WARN_SUSPICIOUS_MOVE = YES;
				CLANG_WARN_UNGUARDED_AVAILABILITY = YES_AGGRESSIVE;
				CLANG_WARN_UNREACHABLE_CODE = YES;
				CLANG_WARN__DUPLICATE_METHOD_MATCH = YES;
				COPY_PHASE_STRIP = NO;
				DEBUG_INFORMATION_FORMAT = "dwarf-with-dsym";
				ENABLE_NS_ASSERTIONS = NO;
				ENABLE_STRICT_OBJC_MSGSEND = YES;
				GCC_C_LANGUAGE_STANDARD = gnu11;
				GCC_NO_COMMON_BLOCKS = YES;
				GCC_WARN_64_TO_32_BIT_CONVERSION = YES;
				GCC_WARN_ABOUT_RETURN_TYPE = YES_ERROR;
				GCC_WARN_UNDECLARED_SELECTOR = YES;
				GCC_WARN_UNINITIALIZED_AUTOS = YES_AGGRESSIVE;
				GCC_WARN_UNUSED_FUNCTION = YES;
				GCC_WARN_UNUSED_VARIABLE = YES;
				IPHONEOS_DEPLOYMENT_TARGET = 15.4;
				MTL_ENABLE_DEBUG_INFO = NO;
				MTL_FAST_MATH = YES;
				SDKROOT = iphoneos;
				SWIFT_COMPILATION_MODE = wholemodule;
				SWIFT_OPTIMIZATION_LEVEL = "-O";
				VALIDATE_PRODUCT = YES;
			};
			name = Release;
		};
		0AC9504828DB5C1B005B5774 /* Debug */ = {
			isa = XCBuildConfiguration;
			buildSettings = {
				ASSETCATALOG_COMPILER_APPICON_NAME = AppIcon;
				ASSETCATALOG_COMPILER_GLOBAL_ACCENT_COLOR_NAME = AccentColor;
				CODE_SIGN_STYLE = Automatic;
				CURRENT_PROJECT_VERSION = 1;
				DEVELOPMENT_ASSET_PATHS = "\"JointGoal_SwiftUI/Preview Content\"";
				DEVELOPMENT_TEAM = 4JR7PKLFY2;
				ENABLE_PREVIEWS = YES;
				GENERATE_INFOPLIST_FILE = YES;
				INFOPLIST_KEY_UIApplicationSceneManifest_Generation = YES;
				INFOPLIST_KEY_UIApplicationSupportsIndirectInputEvents = YES;
				INFOPLIST_KEY_UILaunchScreen_Generation = YES;
				INFOPLIST_KEY_UISupportedInterfaceOrientations_iPad = "UIInterfaceOrientationPortrait UIInterfaceOrientationPortraitUpsideDown UIInterfaceOrientationLandscapeLeft UIInterfaceOrientationLandscapeRight";
				INFOPLIST_KEY_UISupportedInterfaceOrientations_iPhone = "UIInterfaceOrientationPortrait UIInterfaceOrientationLandscapeLeft UIInterfaceOrientationLandscapeRight";
				LD_RUNPATH_SEARCH_PATHS = (
					"$(inherited)",
					"@executable_path/Frameworks",
				);
				MARKETING_VERSION = 1.0;
				PRODUCT_BUNDLE_IDENTIFIER = "com.minji.JointGoal-SwiftUI";
				PRODUCT_NAME = "$(TARGET_NAME)";
				SWIFT_EMIT_LOC_STRINGS = YES;
				SWIFT_VERSION = 5.0;
				TARGETED_DEVICE_FAMILY = "1,2";
			};
			name = Debug;
		};
		0AC9504928DB5C1B005B5774 /* Release */ = {
			isa = XCBuildConfiguration;
			buildSettings = {
				ASSETCATALOG_COMPILER_APPICON_NAME = AppIcon;
				ASSETCATALOG_COMPILER_GLOBAL_ACCENT_COLOR_NAME = AccentColor;
				CODE_SIGN_STYLE = Automatic;
				CURRENT_PROJECT_VERSION = 1;
				DEVELOPMENT_ASSET_PATHS = "\"JointGoal_SwiftUI/Preview Content\"";
				DEVELOPMENT_TEAM = 4JR7PKLFY2;
				ENABLE_PREVIEWS = YES;
				GENERATE_INFOPLIST_FILE = YES;
				INFOPLIST_KEY_UIApplicationSceneManifest_Generation = YES;
				INFOPLIST_KEY_UIApplicationSupportsIndirectInputEvents = YES;
				INFOPLIST_KEY_UILaunchScreen_Generation = YES;
				INFOPLIST_KEY_UISupportedInterfaceOrientations_iPad = "UIInterfaceOrientationPortrait UIInterfaceOrientationPortraitUpsideDown UIInterfaceOrientationLandscapeLeft UIInterfaceOrientationLandscapeRight";
				INFOPLIST_KEY_UISupportedInterfaceOrientations_iPhone = "UIInterfaceOrientationPortrait UIInterfaceOrientationLandscapeLeft UIInterfaceOrientationLandscapeRight";
				LD_RUNPATH_SEARCH_PATHS = (
					"$(inherited)",
					"@executable_path/Frameworks",
				);
				MARKETING_VERSION = 1.0;
				PRODUCT_BUNDLE_IDENTIFIER = "com.minji.JointGoal-SwiftUI";
				PRODUCT_NAME = "$(TARGET_NAME)";
				SWIFT_EMIT_LOC_STRINGS = YES;
				SWIFT_VERSION = 5.0;
				TARGETED_DEVICE_FAMILY = "1,2";
			};
			name = Release;
		};
/* End XCBuildConfiguration section */

/* Begin XCConfigurationList section */
		0AC9503428DB5C18005B5774 /* Build configuration list for PBXProject "JointGoal_SwiftUI" */ = {
			isa = XCConfigurationList;
			buildConfigurations = (
				0AC9504528DB5C1B005B5774 /* Debug */,
				0AC9504628DB5C1B005B5774 /* Release */,
			);
			defaultConfigurationIsVisible = 0;
			defaultConfigurationName = Release;
		};
		0AC9504728DB5C1B005B5774 /* Build configuration list for PBXNativeTarget "JointGoal_SwiftUI" */ = {
			isa = XCConfigurationList;
			buildConfigurations = (
				0AC9504828DB5C1B005B5774 /* Debug */,
				0AC9504928DB5C1B005B5774 /* Release */,
			);
			defaultConfigurationIsVisible = 0;
			defaultConfigurationName = Release;
		};
/* End XCConfigurationList section */
	};
	rootObject = 0AC9503128DB5C18005B5774 /* Project object */;
}
